
Microsoft Visual Studio Solution File, Format Version 12.00
# Visual Studio Version 17
VisualStudioVersion = 17.12.35707.178 d17.12
MinimumVisualStudioVersion = 10.0.40219.1
Project("{FAE04EC0-301F-11D3-BF4B-00C04F79EFBC}") = "IrisPayments", "IrisPayments.csproj", "{ECD39E43-76E7-4CB5-827B-22AE64903D07}"
EndProject
Global
	GlobalSection(SolutionConfigurationPlatforms) = preSolution
		Debug|Any CPU = Debug|Any CPU
		Release|Any CPU = Release|Any CPU
	EndGlobalSection
	GlobalSection(ProjectConfigurationPlatforms) = postSolution
		{ECD39E43-76E7-4CB5-827B-22AE64903D07}.Debug|Any CPU.ActiveCfg = Debug|Any CPU
		{ECD39E43-76E7-4CB5-827B-22AE64903D07}.Debug|Any CPU.Build.0 = Debug|Any CPU
		{ECD39E43-76E7-4CB5-827B-22AE64903D07}.Release|Any CPU.ActiveCfg = Release|Any CPU
		{ECD39E43-76E7-4CB5-827B-22AE64903D07}.Release|Any CPU.Build.0 = Release|Any CPU
	EndGlobalSection
	GlobalSection(SolutionProperties) = preSolution
		HideSolutionNode = FALSE
	EndGlobalSection
EndGlobal
